# THIS IS AN AUTOGENERATED FILE. DO NOT EDIT THIS FILE DIRECTLY.
# yarn lockfile v1


lgtv-ip-control@^1.2.0:
  version "1.2.0"
  resolved "https://registry.yarnpkg.com/lgtv-ip-control/-/lgtv-ip-control-1.2.0.tgz#f5d590c5e0fe66ebd06a11c4217b8a9a3db5a489"
  integrity sha512-FLWAmPijq6Xtnl5zf9dLfa15nVHzenoonpQGb2jTGZtFqpDmm6jllW0IjtzuNzGuttCve4tUq4iv5QBcwauNHg==
